
Microsoft Visual Studio Solution File, Format Version 12.00
# Visual Studio Version 16
VisualStudioVersion = 16.0.31624.102
MinimumVisualStudioVersion = 10.0.40219.1
Project("{FAE04EC0-301F-11D3-BF4B-00C04F79EFBC}") = "FutureValue", "FutureValue.csproj", "{7F46ACD8-3A4C-458B-BDA7-BF2249F00AA4}"
EndProject
Global
	GlobalSection(SolutionConfigurationPlatforms) = preSolution
		Debug|Any CPU = Debug|Any CPU
		Release|Any CPU = Release|Any CPU
	EndGlobalSection
	GlobalSection(ProjectConfigurationPlatforms) = postSolution
		{7F46ACD8-3A4C-458B-BDA7-BF2249F00AA4}.Debug|Any CPU.ActiveCfg = Debug|Any CPU
		{7F46ACD8-3A4C-458B-BDA7-BF2249F00AA4}.Debug|Any CPU.Build.0 = Debug|Any CPU
		{7F46ACD8-3A4C-458B-BDA7-BF2249F00AA4}.Release|Any CPU.ActiveCfg = Release|Any CPU
		{7F46ACD8-3A4C-458B-BDA7-BF2249F00AA4}.Release|Any CPU.Build.0 = Release|Any CPU
	EndGlobalSection
	GlobalSection(SolutionProperties) = preSolution
		HideSolutionNode = FALSE
	EndGlobalSection
	GlobalSection(ExtensibilityGlobals) = postSolution
		SolutionGuid = {6C343F5E-BE22-40CC-95C6-F878CCF4609B}
	EndGlobalSection
EndGlobal
